
Microsoft Visual Studio Solution File, Format Version 12.00
# Visual Studio 2012
Project("{FAE04EC0-301F-11D3-BF4B-00C04F79EFBC}") = "PharmAssist.AdminWeb", "src\PharmAssist.AdminWeb\PharmAssist.AdminWeb.csproj", "{A41ACA4F-C568-479A-A3B5-ABD2CDB70EAC}"
EndProject
Project("{FAE04EC0-301F-11D3-BF4B-00C04F79EFBC}") = "PharmAssist.Core", "src\PharmAssist.Core\PharmAssist.Core.csproj", "{F14F6DA3-641D-483D-AC1C-86E6B3277807}"
EndProject
Global
	GlobalSection(SolutionConfigurationPlatforms) = preSolution
		Debug|Any CPU = Debug|Any CPU
		Release|Any CPU = Release|Any CPU
	EndGlobalSection
	GlobalSection(ProjectConfigurationPlatforms) = postSolution
		{A41ACA4F-C568-479A-A3B5-ABD2CDB70EAC}.Debug|Any CPU.ActiveCfg = Debug|Any CPU
		{A41ACA4F-C568-479A-A3B5-ABD2CDB70EAC}.Debug|Any CPU.Build.0 = Debug|Any CPU
		{A41ACA4F-C568-479A-A3B5-ABD2CDB70EAC}.Release|Any CPU.ActiveCfg = Release|Any CPU
		{A41ACA4F-C568-479A-A3B5-ABD2CDB70EAC}.Release|Any CPU.Build.0 = Release|Any CPU
		{F14F6DA3-641D-483D-AC1C-86E6B3277807}.Debug|Any CPU.ActiveCfg = Debug|Any CPU
		{F14F6DA3-641D-483D-AC1C-86E6B3277807}.Debug|Any CPU.Build.0 = Debug|Any CPU
		{F14F6DA3-641D-483D-AC1C-86E6B3277807}.Release|Any CPU.ActiveCfg = Release|Any CPU
		{F14F6DA3-641D-483D-AC1C-86E6B3277807}.Release|Any CPU.Build.0 = Release|Any CPU
	EndGlobalSection
	GlobalSection(SolutionProperties) = preSolution
		HideSolutionNode = FALSE
	EndGlobalSection
EndGlobal
